
Microsoft Visual Studio Solution File, Format Version 12.00
# Visual Studio 15
VisualStudioVersion = 15.0.28307.1231
MinimumVisualStudioVersion = 10.0.40219.1
Project("{8BC9CEB8-8B4A-11D0-8D11-00A0C91BC942}") = "DataCompress", "DataCompress.vcxproj", "{6C2739A1-7BE8-456F-B48C-441BD61387EA}"
EndProject
Global
	GlobalSection(SolutionConfigurationPlatforms) = preSolution
		Debug|x64 = Debug|x64
		Debug|x86 = Debug|x86
		Release|x64 = Release|x64
		Release|x86 = Release|x86
	EndGlobalSection
	GlobalSection(ProjectConfigurationPlatforms) = postSolution
		{6C2739A1-7BE8-456F-B48C-441BD61387EA}.Debug|x64.ActiveCfg = Debug|x64
		{6C2739A1-7BE8-456F-B48C-441BD61387EA}.Debug|x64.Build.0 = Debug|x64
		{6C2739A1-7BE8-456F-B48C-441BD61387EA}.Debug|x86.ActiveCfg = Debug|Win32
		{6C2739A1-7BE8-456F-B48C-441BD61387EA}.Debug|x86.Build.0 = Debug|Win32
		{6C2739A1-7BE8-456F-B48C-441BD61387EA}.Release|x64.ActiveCfg = Release|x64
		{6C2739A1-7BE8-456F-B48C-441BD61387EA}.Release|x64.Build.0 = Release|x64
		{6C2739A1-7BE8-456F-B48C-441BD61387EA}.Release|x86.ActiveCfg = Release|Win32
		{6C2739A1-7BE8-456F-B48C-441BD61387EA}.Release|x86.Build.0 = Release|Win32
	EndGlobalSection
	GlobalSection(SolutionProperties) = preSolution
		HideSolutionNode = FALSE
	EndGlobalSection
	GlobalSection(ExtensibilityGlobals) = postSolution
		SolutionGuid = {F2768C7C-E6F5-4176-8C05-76470C765264}
	EndGlobalSection
EndGlobal
